// !$*UTF8*$!
{
	archiveVersion = 1;
	classes = {
	};
	objectVersion = 46;
	objects = {

/* Begin PBXBuildFile section */
		05FBA107208E4686000FC726 /* FormatMenu.swift in Sources */ = {isa = PBXBuildFile; fileRef = 05FBA106208E4686000FC726 /* FormatMenu.swift */; };
		4231230E56244E455A7DE75D /* Pods_Todo.framework in Frameworks */ = {isa = PBXBuildFile; fileRef = E18DB030D5AF00F2A3635FCF /* Pods_Todo.framework */; };
		7C4A9C54E8366852DFF01BAF /* Pods_TodoTests.framework in Frameworks */ = {isa = PBXBuildFile; fileRef = 50A4FE3D0EE751808D95138E /* Pods_TodoTests.framework */; };
		F20B42DE1F7D661A0088EE33 /* SidebarOutlineView.swift in Sources */ = {isa = PBXBuildFile; fileRef = F20B42DD1F7D661A0088EE33 /* SidebarOutlineView.swift */; };
		F20B42E01F7D9ADE0088EE33 /* PreferencesViewController.swift in Sources */ = {isa = PBXBuildFile; fileRef = F20B42DF1F7D9ADE0088EE33 /* PreferencesViewController.swift */; };
		F22601951F5DA1120087D2FB /* SidebarSection.swift in Sources */ = {isa = PBXBuildFile; fileRef = F22601941F5DA1120087D2FB /* SidebarSection.swift */; };
		F243B71E1F7C030B0089764F /* TvMenu.swift in Sources */ = {isa = PBXBuildFile; fileRef = F243B71D1F7C030B0089764F /* TvMenu.swift */; };
		F255491F1F493A2300AE360B /* WindowController.swift in Sources */ = {isa = PBXBuildFile; fileRef = F255491E1F493A2300AE360B /* WindowController.swift */; };
		F2571EEA207171D00007D854 /* SidebarItem.swift in Sources */ = {isa = PBXBuildFile; fileRef = F2571EE9207171D00007D854 /* SidebarItem.swift */; };
		F2603DFB1F4DDC0700A57AE0 /* ToDoCellView.swift in Sources */ = {isa = PBXBuildFile; fileRef = F2603DFA1F4DDC0700A57AE0 /* ToDoCellView.swift */; };
		F2871668207160B80090A694 /* SidebarFilter.swift in Sources */ = {isa = PBXBuildFile; fileRef = F2871667207160B80090A694 /* SidebarFilter.swift */; };
		F287166A2071639D0090A694 /* SidebarCategory.swift in Sources */ = {isa = PBXBuildFile; fileRef = F28716692071639D0090A694 /* SidebarCategory.swift */; };
		F29C4BC720D6B55B002A6C24 /* Group.swift in Sources */ = {isa = PBXBuildFile; fileRef = F29C4BC620D6B55B002A6C24 /* Group.swift */; };
		F29C4BE920D742AA002A6C24 /* GoogleService-Info.plist in Resources */ = {isa = PBXBuildFile; fileRef = F29C4BE820D742AA002A6C24 /* GoogleService-Info.plist */; };
		F2C462A11F58E8860014E5F4 /* GroupCellView.swift in Sources */ = {isa = PBXBuildFile; fileRef = F2C462A01F58E8860014E5F4 /* GroupCellView.swift */; };
		F2C8A2681F41428500E246F7 /* AppDelegate.swift in Sources */ = {isa = PBXBuildFile; fileRef = F2C8A2671F41428500E246F7 /* AppDelegate.swift */; };
		F2C8A26A1F41428500E246F7 /* MainWindowVC.swift in Sources */ = {isa = PBXBuildFile; fileRef = F2C8A2691F41428500E246F7 /* MainWindowVC.swift */; };
		F2C8A26F1F41428500E246F7 /* Assets.xcassets in Resources */ = {isa = PBXBuildFile; fileRef = F2C8A26E1F41428500E246F7 /* Assets.xcassets */; };
		F2C8A2721F41428500E246F7 /* Main.storyboard in Resources */ = {isa = PBXBuildFile; fileRef = F2C8A2701F41428500E246F7 /* Main.storyboard */; };
		F2C8A27D1F41428500E246F7 /* TodoTests.swift in Sources */ = {isa = PBXBuildFile; fileRef = F2C8A27C1F41428500E246F7 /* TodoTests.swift */; };
		F2CAAD931F563DFB007DECD6 /* InfoViewController.swift in Sources */ = {isa = PBXBuildFile; fileRef = F2CAAD921F563DFB007DECD6 /* InfoViewController.swift */; };
		F2D232101F60778B00C0D3F4 /* SidebarFilters.swift in Sources */ = {isa = PBXBuildFile; fileRef = F2D2320F1F60778B00C0D3F4 /* SidebarFilters.swift */; };
		F2E822911F4895B100EEEA07 /* Controller.swift in Sources */ = {isa = PBXBuildFile; fileRef = F2E822901F4895B100EEEA07 /* Controller.swift */; };
		F2E9B4DC20D5A1D900CAB458 /* ToDo.swift in Sources */ = {isa = PBXBuildFile; fileRef = F2E9B4DB20D5A1D900CAB458 /* ToDo.swift */; };
		F2E9B4DE20D5A31F00CAB458 /* FirebaseController.swift in Sources */ = {isa = PBXBuildFile; fileRef = F2E9B4DD20D5A31F00CAB458 /* FirebaseController.swift */; };
/* End PBXBuildFile section */

/* Begin PBXContainerItemProxy section */
		F2C8A2791F41428500E246F7 /* PBXContainerItemProxy */ = {
			isa = PBXContainerItemProxy;
			containerPortal = F2C8A25C1F41428500E246F7 /* Project object */;
			proxyType = 1;
			remoteGlobalIDString = F2C8A2631F41428500E246F7;
			remoteInfo = Todo;
		};
/* End PBXContainerItemProxy section */

/* Begin PBXFileReference section */
		05FBA106208E4686000FC726 /* FormatMenu.swift */ = {isa = PBXFileReference; lastKnownFileType = sourcecode.swift; path = FormatMenu.swift; sourceTree = "<group>"; };
		50A4FE3D0EE751808D95138E /* Pods_TodoTests.framework */ = {isa = PBXFileReference; explicitFileType = wrapper.framework; includeInIndex = 0; path = Pods_TodoTests.framework; sourceTree = BUILT_PRODUCTS_DIR; };
		7CF4ED118833C2C313C66E57 /* Pods-Todo.release.xcconfig */ = {isa = PBXFileReference; includeInIndex = 1; lastKnownFileType = text.xcconfig; name = "Pods-Todo.release.xcconfig"; path = "Pods/Target Support Files/Pods-Todo/Pods-Todo.release.xcconfig"; sourceTree = "<group>"; };
		BE9F915CB835C0265CF3ADA4 /* Pods-TodoTests.release.xcconfig */ = {isa = PBXFileReference; includeInIndex = 1; lastKnownFileType = text.xcconfig; name = "Pods-TodoTests.release.xcconfig"; path = "Pods/Target Support Files/Pods-TodoTests/Pods-TodoTests.release.xcconfig"; sourceTree = "<group>"; };
		E18DB030D5AF00F2A3635FCF /* Pods_Todo.framework */ = {isa = PBXFileReference; explicitFileType = wrapper.framework; includeInIndex = 0; path = Pods_Todo.framework; sourceTree = BUILT_PRODUCTS_DIR; };
		F069DF5A0732CA02E50BD6E6 /* Pods-Todo.debug.xcconfig */ = {isa = PBXFileReference; includeInIndex = 1; lastKnownFileType = text.xcconfig; name = "Pods-Todo.debug.xcconfig"; path = "Pods/Target Support Files/Pods-Todo/Pods-Todo.debug.xcconfig"; sourceTree = "<group>"; };
		F20B42DD1F7D661A0088EE33 /* SidebarOutlineView.swift */ = {isa = PBXFileReference; lastKnownFileType = sourcecode.swift; path = SidebarOutlineView.swift; sourceTree = "<group>"; };
		F20B42DF1F7D9ADE0088EE33 /* PreferencesViewController.swift */ = {isa = PBXFileReference; lastKnownFileType = sourcecode.swift; path = PreferencesViewController.swift; sourceTree = "<group>"; };
		F22601941F5DA1120087D2FB /* SidebarSection.swift */ = {isa = PBXFileReference; fileEncoding = 4; lastKnownFileType = sourcecode.swift; path = SidebarSection.swift; sourceTree = "<group>"; };
		F243B71D1F7C030B0089764F /* TvMenu.swift */ = {isa = PBXFileReference; lastKnownFileType = sourcecode.swift; path = TvMenu.swift; sourceTree = "<group>"; };
		F255491E1F493A2300AE360B /* WindowController.swift */ = {isa = PBXFileReference; fileEncoding = 4; lastKnownFileType = sourcecode.swift; path = WindowController.swift; sourceTree = "<group>"; };
		F2571EE9207171D00007D854 /* SidebarItem.swift */ = {isa = PBXFileReference; lastKnownFileType = sourcecode.swift; path = SidebarItem.swift; sourceTree = "<group>"; };
		F2603DFA1F4DDC0700A57AE0 /* ToDoCellView.swift */ = {isa = PBXFileReference; fileEncoding = 4; lastKnownFileType = sourcecode.swift; path = ToDoCellView.swift; sourceTree = "<group>"; };
		F2871667207160B80090A694 /* SidebarFilter.swift */ = {isa = PBXFileReference; lastKnownFileType = sourcecode.swift; path = SidebarFilter.swift; sourceTree = "<group>"; };
		F28716692071639D0090A694 /* SidebarCategory.swift */ = {isa = PBXFileReference; lastKnownFileType = sourcecode.swift; path = SidebarCategory.swift; sourceTree = "<group>"; };
		F29C4BC620D6B55B002A6C24 /* Group.swift */ = {isa = PBXFileReference; lastKnownFileType = sourcecode.swift; path = Group.swift; sourceTree = "<group>"; };
		F29C4BE820D742AA002A6C24 /* GoogleService-Info.plist */ = {isa = PBXFileReference; fileEncoding = 4; lastKnownFileType = text.plist.xml; path = "GoogleService-Info.plist"; sourceTree = "<group>"; };
		F2C462A01F58E8860014E5F4 /* GroupCellView.swift */ = {isa = PBXFileReference; fileEncoding = 4; lastKnownFileType = sourcecode.swift; path = GroupCellView.swift; sourceTree = "<group>"; };
		F2C8A2641F41428500E246F7 /* Todo.app */ = {isa = PBXFileReference; explicitFileType = wrapper.application; includeInIndex = 0; path = Todo.app; sourceTree = BUILT_PRODUCTS_DIR; };
		F2C8A2671F41428500E246F7 /* AppDelegate.swift */ = {isa = PBXFileReference; lastKnownFileType = sourcecode.swift; path = AppDelegate.swift; sourceTree = "<group>"; };
		F2C8A2691F41428500E246F7 /* MainWindowVC.swift */ = {isa = PBXFileReference; lastKnownFileType = sourcecode.swift; path = MainWindowVC.swift; sourceTree = "<group>"; };
		F2C8A26E1F41428500E246F7 /* Assets.xcassets */ = {isa = PBXFileReference; lastKnownFileType = folder.assetcatalog; path = Assets.xcassets; sourceTree = "<group>"; };
		F2C8A2711F41428500E246F7 /* Base */ = {isa = PBXFileReference; lastKnownFileType = file.storyboard; name = Base; path = Base.lproj/Main.storyboard; sourceTree = "<group>"; };
		F2C8A2731F41428500E246F7 /* Info.plist */ = {isa = PBXFileReference; lastKnownFileType = text.plist.xml; path = Info.plist; sourceTree = "<group>"; };
		F2C8A2781F41428500E246F7 /* TodoTests.xctest */ = {isa = PBXFileReference; explicitFileType = wrapper.cfbundle; includeInIndex = 0; path = TodoTests.xctest; sourceTree = BUILT_PRODUCTS_DIR; };
		F2C8A27C1F41428500E246F7 /* TodoTests.swift */ = {isa = PBXFileReference; lastKnownFileType = sourcecode.swift; path = TodoTests.swift; sourceTree = "<group>"; };
		F2C8A27E1F41428500E246F7 /* Info.plist */ = {isa = PBXFileReference; lastKnownFileType = text.plist.xml; path = Info.plist; sourceTree = "<group>"; };
		F2CAAD921F563DFB007DECD6 /* InfoViewController.swift */ = {isa = PBXFileReference; fileEncoding = 4; lastKnownFileType = sourcecode.swift; path = InfoViewController.swift; sourceTree = "<group>"; };
		F2D2320F1F60778B00C0D3F4 /* SidebarFilters.swift */ = {isa = PBXFileReference; fileEncoding = 4; lastKnownFileType = sourcecode.swift; path = SidebarFilters.swift; sourceTree = "<group>"; };
		F2E822901F4895B100EEEA07 /* Controller.swift */ = {isa = PBXFileReference; fileEncoding = 4; lastKnownFileType = sourcecode.swift; path = Controller.swift; sourceTree = "<group>"; };
		F2E9B4DB20D5A1D900CAB458 /* ToDo.swift */ = {isa = PBXFileReference; lastKnownFileType = sourcecode.swift; path = ToDo.swift; sourceTree = "<group>"; };
		F2E9B4DD20D5A31F00CAB458 /* FirebaseController.swift */ = {isa = PBXFileReference; lastKnownFileType = sourcecode.swift; path = FirebaseController.swift; sourceTree = "<group>"; };
		FEE3F6DBF5AEFC79753AAA76 /* Pods-TodoTests.debug.xcconfig */ = {isa = PBXFileReference; includeInIndex = 1; lastKnownFileType = text.xcconfig; name = "Pods-TodoTests.debug.xcconfig"; path = "Pods/Target Support Files/Pods-TodoTests/Pods-TodoTests.debug.xcconfig"; sourceTree = "<group>"; };
/* End PBXFileReference section */

/* Begin PBXFrameworksBuildPhase section */
		F2C8A2611F41428500E246F7 /* Frameworks */ = {
			isa = PBXFrameworksBuildPhase;
			buildActionMask = 2147483647;
			files = (
				4231230E56244E455A7DE75D /* Pods_Todo.framework in Frameworks */,
			);
			runOnlyForDeploymentPostprocessing = 0;
		};
		F2C8A2751F41428500E246F7 /* Frameworks */ = {
			isa = PBXFrameworksBuildPhase;
			buildActionMask = 2147483647;
			files = (
				7C4A9C54E8366852DFF01BAF /* Pods_TodoTests.framework in Frameworks */,
			);
			runOnlyForDeploymentPostprocessing = 0;
		};
/* End PBXFrameworksBuildPhase section */

/* Begin PBXGroup section */
		7475C3E114F5D3DECE9C9C6D /* Pods */ = {
			isa = PBXGroup;
			children = (
				F069DF5A0732CA02E50BD6E6 /* Pods-Todo.debug.xcconfig */,
				7CF4ED118833C2C313C66E57 /* Pods-Todo.release.xcconfig */,
				FEE3F6DBF5AEFC79753AAA76 /* Pods-TodoTests.debug.xcconfig */,
				BE9F915CB835C0265CF3ADA4 /* Pods-TodoTests.release.xcconfig */,
			);
			name = Pods;
			sourceTree = "<group>";
		};
		B774380B641D87AF3325C06B /* Frameworks */ = {
			isa = PBXGroup;
			children = (
				E18DB030D5AF00F2A3635FCF /* Pods_Todo.framework */,
				50A4FE3D0EE751808D95138E /* Pods_TodoTests.framework */,
			);
			name = Frameworks;
			sourceTree = "<group>";
		};
		F2603DFC1F4DDC0B00A57AE0 /* Views */ = {
			isa = PBXGroup;
			children = (
				F243B71D1F7C030B0089764F /* TvMenu.swift */,
				05FBA106208E4686000FC726 /* FormatMenu.swift */,
				F2603DFA1F4DDC0700A57AE0 /* ToDoCellView.swift */,
				F2C462A01F58E8860014E5F4 /* GroupCellView.swift */,
				F20B42DD1F7D661A0088EE33 /* SidebarOutlineView.swift */,
			);
			name = Views;
			sourceTree = "<group>";
		};
		F2C8A25B1F41428500E246F7 = {
			isa = PBXGroup;
			children = (
				F2C8A2661F41428500E246F7 /* Todo */,
				F2C8A27B1F41428500E246F7 /* TodoTests */,
				F2C8A2651F41428500E246F7 /* Products */,
				7475C3E114F5D3DECE9C9C6D /* Pods */,
				B774380B641D87AF3325C06B /* Frameworks */,
			);
			sourceTree = "<group>";
		};
		F2C8A2651F41428500E246F7 /* Products */ = {
			isa = PBXGroup;
			children = (
				F2C8A2641F41428500E246F7 /* Todo.app */,
				F2C8A2781F41428500E246F7 /* TodoTests.xctest */,
			);
			name = Products;
			sourceTree = "<group>";
		};
		F2C8A2661F41428500E246F7 /* Todo */ = {
			isa = PBXGroup;
			children = (
				F2C8A2671F41428500E246F7 /* AppDelegate.swift */,
				F2603DFC1F4DDC0B00A57AE0 /* Views */,
				F2E8228F1F48959100EEEA07 /* View Controllers */,
				F2E822921F4895B700EEEA07 /* Controllers */,
				F2E8228E1F48916F00EEEA07 /* Models */,
				F2C8A26E1F41428500E246F7 /* Assets.xcassets */,
				F2C8A2701F41428500E246F7 /* Main.storyboard */,
				F2C8A2731F41428500E246F7 /* Info.plist */,
				F29C4BE820D742AA002A6C24 /* GoogleService-Info.plist */,
			);
			path = Todo;
			sourceTree = "<group>";
		};
		F2C8A27B1F41428500E246F7 /* TodoTests */ = {
			isa = PBXGroup;
			children = (
				F2C8A27C1F41428500E246F7 /* TodoTests.swift */,
				F2C8A27E1F41428500E246F7 /* Info.plist */,
			);
			path = TodoTests;
			sourceTree = "<group>";
		};
		F2E8228E1F48916F00EEEA07 /* Models */ = {
			isa = PBXGroup;
			children = (
				F22601941F5DA1120087D2FB /* SidebarSection.swift */,
				F2571EE9207171D00007D854 /* SidebarItem.swift */,
				F2871667207160B80090A694 /* SidebarFilter.swift */,
				F28716692071639D0090A694 /* SidebarCategory.swift */,
				F2D2320F1F60778B00C0D3F4 /* SidebarFilters.swift */,
				F2E9B4DB20D5A1D900CAB458 /* ToDo.swift */,
				F29C4BC620D6B55B002A6C24 /* Group.swift */,
			);
			name = Models;
			sourceTree = "<group>";
		};
		F2E8228F1F48959100EEEA07 /* View Controllers */ = {
			isa = PBXGroup;
			children = (
				F2C8A2691F41428500E246F7 /* MainWindowVC.swift */,
				F255491E1F493A2300AE360B /* WindowController.swift */,
				F2CAAD921F563DFB007DECD6 /* InfoViewController.swift */,
				F20B42DF1F7D9ADE0088EE33 /* PreferencesViewController.swift */,
			);
			name = "View Controllers";
			sourceTree = "<group>";
		};
		F2E822921F4895B700EEEA07 /* Controllers */ = {
			isa = PBXGroup;
			children = (
				F2E822901F4895B100EEEA07 /* Controller.swift */,
				F2E9B4DD20D5A31F00CAB458 /* FirebaseController.swift */,
			);
			name = Controllers;
			sourceTree = "<group>";
		};
/* End PBXGroup section */

/* Begin PBXNativeTarget section */
		F2C8A2631F41428500E246F7 /* Todo */ = {
			isa = PBXNativeTarget;
			buildConfigurationList = F2C8A2811F41428500E246F7 /* Build configuration list for PBXNativeTarget "Todo" */;
			buildPhases = (
				CF44280C5183D40B3883A81C /* [CP] Check Pods Manifest.lock */,
				F2C8A2601F41428500E246F7 /* Sources */,
				F2C8A2611F41428500E246F7 /* Frameworks */,
				F2C8A2621F41428500E246F7 /* Resources */,
				605AEFB205107AA30E806612 /* [CP] Embed Pods Frameworks */,
			);
			buildRules = (
			);
			dependencies = (
			);
			name = Todo;
			productName = Todo;
			productReference = F2C8A2641F41428500E246F7 /* Todo.app */;
			productType = "com.apple.product-type.application";
		};
		F2C8A2771F41428500E246F7 /* TodoTests */ = {
			isa = PBXNativeTarget;
			buildConfigurationList = F2C8A2841F41428500E246F7 /* Build configuration list for PBXNativeTarget "TodoTests" */;
			buildPhases = (
				9559BACD22DE150CA9082630 /* [CP] Check Pods Manifest.lock */,
				F2C8A2741F41428500E246F7 /* Sources */,
				F2C8A2751F41428500E246F7 /* Frameworks */,
				F2C8A2761F41428500E246F7 /* Resources */,
			);
			buildRules = (
			);
			dependencies = (
				F2C8A27A1F41428500E246F7 /* PBXTargetDependency */,
			);
			name = TodoTests;
			productName = TodoTests;
			productReference = F2C8A2781F41428500E246F7 /* TodoTests.xctest */;
			productType = "com.apple.product-type.bundle.unit-test";
		};
/* End PBXNativeTarget section */

/* Begin PBXProject section */
		F2C8A25C1F41428500E246F7 /* Project object */ = {
			isa = PBXProject;
			attributes = {
				LastSwiftUpdateCheck = 0830;
				LastUpgradeCheck = 0930;
				ORGANIZATIONNAME = "Alec Saunders";
				TargetAttributes = {
					F2C8A2631F41428500E246F7 = {
						CreatedOnToolsVersion = 8.3.3;
						LastSwiftMigration = 0900;
						ProvisioningStyle = Automatic;
					};
					F2C8A2771F41428500E246F7 = {
						CreatedOnToolsVersion = 8.3.3;
						LastSwiftMigration = 0900;
						ProvisioningStyle = Automatic;
						TestTargetID = F2C8A2631F41428500E246F7;
					};
				};
			};
			buildConfigurationList = F2C8A25F1F41428500E246F7 /* Build configuration list for PBXProject "Todo" */;
			compatibilityVersion = "Xcode 3.2";
			developmentRegion = English;
			hasScannedForEncodings = 0;
			knownRegions = (
				en,
				Base,
			);
			mainGroup = F2C8A25B1F41428500E246F7;
			productRefGroup = F2C8A2651F41428500E246F7 /* Products */;
			projectDirPath = "";
			projectRoot = "";
			targets = (
				F2C8A2631F41428500E246F7 /* Todo */,
				F2C8A2771F41428500E246F7 /* TodoTests */,
			);
		};
/* End PBXProject section */

/* Begin PBXResourcesBuildPhase section */
		F2C8A2621F41428500E246F7 /* Resources */ = {
			isa = PBXResourcesBuildPhase;
			buildActionMask = 2147483647;
			files = (
				F2C8A26F1F41428500E246F7 /* Assets.xcassets in Resources */,
				F2C8A2721F41428500E246F7 /* Main.storyboard in Resources */,
				F29C4BE920D742AA002A6C24 /* GoogleService-Info.plist in Resources */,
			);
			runOnlyForDeploymentPostprocessing = 0;
		};
		F2C8A2761F41428500E246F7 /* Resources */ = {
			isa = PBXResourcesBuildPhase;
			buildActionMask = 2147483647;
			files = (
			);
			runOnlyForDeploymentPostprocessing = 0;
		};
/* End PBXResourcesBuildPhase section */

/* Begin PBXShellScriptBuildPhase section */
		605AEFB205107AA30E806612 /* [CP] Embed Pods Frameworks */ = {
			isa = PBXShellScriptBuildPhase;
			buildActionMask = 2147483647;
			files = (
			);
			inputPaths = (
				"${SRCROOT}/Pods/Target Support Files/Pods-Todo/Pods-Todo-frameworks.sh",
				"${BUILT_PRODUCTS_DIR}/GTMSessionFetcher/GTMSessionFetcher.framework",
				"${BUILT_PRODUCTS_DIR}/GoogleToolboxForMac/GoogleToolboxForMac.framework",
				"${BUILT_PRODUCTS_DIR}/leveldb-library/leveldb.framework",
			);
			name = "[CP] Embed Pods Frameworks";
			outputPaths = (
				"${TARGET_BUILD_DIR}/${FRAMEWORKS_FOLDER_PATH}/GTMSessionFetcher.framework",
				"${TARGET_BUILD_DIR}/${FRAMEWORKS_FOLDER_PATH}/GoogleToolboxForMac.framework",
				"${TARGET_BUILD_DIR}/${FRAMEWORKS_FOLDER_PATH}/leveldb.framework",
			);
			runOnlyForDeploymentPostprocessing = 0;
			shellPath = /bin/sh;
			shellScript = "\"${SRCROOT}/Pods/Target Support Files/Pods-Todo/Pods-Todo-frameworks.sh\"\n";
			showEnvVarsInLog = 0;
		};
		9559BACD22DE150CA9082630 /* [CP] Check Pods Manifest.lock */ = {
			isa = PBXShellScriptBuildPhase;
			buildActionMask = 2147483647;
			files = (
			);
			inputPaths = (
				"${PODS_PODFILE_DIR_PATH}/Podfile.lock",
				"${PODS_ROOT}/Manifest.lock",
			);
			name = "[CP] Check Pods Manifest.lock";
			outputPaths = (
				"$(DERIVED_FILE_DIR)/Pods-TodoTests-checkManifestLockResult.txt",
			);
			runOnlyForDeploymentPostprocessing = 0;
			shellPath = /bin/sh;
			shellScript = "diff \"${PODS_PODFILE_DIR_PATH}/Podfile.lock\" \"${PODS_ROOT}/Manifest.lock\" > /dev/null\nif [ $? != 0 ] ; then\n    # print error to STDERR\n    echo \"error: The sandbox is not in sync with the Podfile.lock. Run 'pod install' or update your CocoaPods installation.\" >&2\n    exit 1\nfi\n# This output is used by Xcode 'outputs' to avoid re-running this script phase.\necho \"SUCCESS\" > \"${SCRIPT_OUTPUT_FILE_0}\"\n";
			showEnvVarsInLog = 0;
		};
		CF44280C5183D40B3883A81C /* [CP] Check Pods Manifest.lock */ = {
			isa = PBXShellScriptBuildPhase;
			buildActionMask = 2147483647;
			files = (
			);
			inputPaths = (
				"${PODS_PODFILE_DIR_PATH}/Podfile.lock",
				"${PODS_ROOT}/Manifest.lock",
			);
			name = "[CP] Check Pods Manifest.lock";
			outputPaths = (
				"$(DERIVED_FILE_DIR)/Pods-Todo-checkManifestLockResult.txt",
			);
			runOnlyForDeploymentPostprocessing = 0;
			shellPath = /bin/sh;
			shellScript = "diff \"${PODS_PODFILE_DIR_PATH}/Podfile.lock\" \"${PODS_ROOT}/Manifest.lock\" > /dev/null\nif [ $? != 0 ] ; then\n    # print error to STDERR\n    echo \"error: The sandbox is not in sync with the Podfile.lock. Run 'pod install' or update your CocoaPods installation.\" >&2\n    exit 1\nfi\n# This output is used by Xcode 'outputs' to avoid re-running this script phase.\necho \"SUCCESS\" > \"${SCRIPT_OUTPUT_FILE_0}\"\n";
			showEnvVarsInLog = 0;
		};
/* End PBXShellScriptBuildPhase section */

/* Begin PBXSourcesBuildPhase section */
		F2C8A2601F41428500E246F7 /* Sources */ = {
			isa = PBXSourcesBuildPhase;
			buildActionMask = 2147483647;
			files = (
				F29C4BC720D6B55B002A6C24 /* Group.swift in Sources */,
				F2E822911F4895B100EEEA07 /* Controller.swift in Sources */,
				F255491F1F493A2300AE360B /* WindowController.swift in Sources */,
				F2603DFB1F4DDC0700A57AE0 /* ToDoCellView.swift in Sources */,
				F2571EEA207171D00007D854 /* SidebarItem.swift in Sources */,
				F22601951F5DA1120087D2FB /* SidebarSection.swift in Sources */,
				F287166A2071639D0090A694 /* SidebarCategory.swift in Sources */,
				F2E9B4DC20D5A1D900CAB458 /* ToDo.swift in Sources */,
				F2C8A26A1F41428500E246F7 /* MainWindowVC.swift in Sources */,
				F20B42DE1F7D661A0088EE33 /* SidebarOutlineView.swift in Sources */,
				F2D232101F60778B00C0D3F4 /* SidebarFilters.swift in Sources */,
				F2CAAD931F563DFB007DECD6 /* InfoViewController.swift in Sources */,
				F2871668207160B80090A694 /* SidebarFilter.swift in Sources */,
				F20B42E01F7D9ADE0088EE33 /* PreferencesViewController.swift in Sources */,
				05FBA107208E4686000FC726 /* FormatMenu.swift in Sources */,
				F243B71E1F7C030B0089764F /* TvMenu.swift in Sources */,
				F2C8A2681F41428500E246F7 /* AppDelegate.swift in Sources */,
				F2E9B4DE20D5A31F00CAB458 /* FirebaseController.swift in Sources */,
				F2C462A11F58E8860014E5F4 /* GroupCellView.swift in Sources */,
			);
			runOnlyForDeploymentPostprocessing = 0;
		};
		F2C8A2741F41428500E246F7 /* Sources */ = {
			isa = PBXSourcesBuildPhase;
			buildActionMask = 2147483647;
			files = (
				F2C8A27D1F41428500E246F7 /* TodoTests.swift in Sources */,
			);
			runOnlyForDeploymentPostprocessing = 0;
		};
/* End PBXSourcesBuildPhase section */

/* Begin PBXTargetDependency section */
		F2C8A27A1F41428500E246F7 /* PBXTargetDependency */ = {
			isa = PBXTargetDependency;
			target = F2C8A2631F41428500E246F7 /* Todo */;
			targetProxy = F2C8A2791F41428500E246F7 /* PBXContainerItemProxy */;
		};
/* End PBXTargetDependency section */

/* Begin PBXVariantGroup section */
		F2C8A2701F41428500E246F7 /* Main.storyboard */ = {
			isa = PBXVariantGroup;
			children = (
				F2C8A2711F41428500E246F7 /* Base */,
			);
			name = Main.storyboard;
			sourceTree = "<group>";
		};
/* End PBXVariantGroup section */

/* Begin XCBuildConfiguration section */
		F2C8A27F1F41428500E246F7 /* Debug */ = {
			isa = XCBuildConfiguration;
			buildSettings = {
				ALWAYS_SEARCH_USER_PATHS = NO;
				CLANG_ANALYZER_NONNULL = YES;
				CLANG_ANALYZER_NUMBER_OBJECT_CONVERSION = YES_AGGRESSIVE;
				CLANG_CXX_LANGUAGE_STANDARD = "gnu++0x";
				CLANG_CXX_LIBRARY = "libc++";
				CLANG_ENABLE_MODULES = YES;
				CLANG_ENABLE_OBJC_ARC = YES;
				CLANG_WARN_BLOCK_CAPTURE_AUTORELEASING = YES;
				CLANG_WARN_BOOL_CONVERSION = YES;
				CLANG_WARN_COMMA = YES;
				CLANG_WARN_CONSTANT_CONVERSION = YES;
				CLANG_WARN_DEPRECATED_OBJC_IMPLEMENTATIONS = YES;
				CLANG_WARN_DIRECT_OBJC_ISA_USAGE = YES_ERROR;
				CLANG_WARN_DOCUMENTATION_COMMENTS = YES;
				CLANG_WARN_EMPTY_BODY = YES;
				CLANG_WARN_ENUM_CONVERSION = YES;
				CLANG_WARN_INFINITE_RECURSION = YES;
				CLANG_WARN_INT_CONVERSION = YES;
				CLANG_WARN_NON_LITERAL_NULL_CONVERSION = YES;
				CLANG_WARN_OBJC_IMPLICIT_RETAIN_SELF = YES;
				CLANG_WARN_OBJC_LITERAL_CONVERSION = YES;
				CLANG_WARN_OBJC_ROOT_CLASS = YES_ERROR;
				CLANG_WARN_RANGE_LOOP_ANALYSIS = YES;
				CLANG_WARN_STRICT_PROTOTYPES = YES;
				CLANG_WARN_SUSPICIOUS_MOVE = YES;
				CLANG_WARN_UNREACHABLE_CODE = YES;
				CLANG_WARN__DUPLICATE_METHOD_MATCH = YES;
				CODE_SIGN_IDENTITY = "-";
				COPY_PHASE_STRIP = NO;
				DEBUG_INFORMATION_FORMAT = dwarf;
				ENABLE_STRICT_OBJC_MSGSEND = YES;
				ENABLE_TESTABILITY = YES;
				GCC_C_LANGUAGE_STANDARD = gnu99;
				GCC_DYNAMIC_NO_PIC = NO;
				GCC_NO_COMMON_BLOCKS = YES;
				GCC_OPTIMIZATION_LEVEL = 0;
				GCC_PREPROCESSOR_DEFINITIONS = (
					"DEBUG=1",
					"$(inherited)",
				);
				GCC_WARN_64_TO_32_BIT_CONVERSION = YES;
				GCC_WARN_ABOUT_RETURN_TYPE = YES_ERROR;
				GCC_WARN_UNDECLARED_SELECTOR = YES;
				GCC_WARN_UNINITIALIZED_AUTOS = YES_AGGRESSIVE;
				GCC_WARN_UNUSED_FUNCTION = YES;
				GCC_WARN_UNUSED_VARIABLE = YES;
				MACOSX_DEPLOYMENT_TARGET = 10.12;
				MTL_ENABLE_DEBUG_INFO = YES;
				ONLY_ACTIVE_ARCH = YES;
				SDKROOT = macosx;
				SWIFT_ACTIVE_COMPILATION_CONDITIONS = DEBUG;
				SWIFT_OPTIMIZATION_LEVEL = "-Onone";
			};
			name = Debug;
		};
		F2C8A2801F41428500E246F7 /* Release */ = {
			isa = XCBuildConfiguration;
			buildSettings = {
				ALWAYS_SEARCH_USER_PATHS = NO;
				CLANG_ANALYZER_NONNULL = YES;
				CLANG_ANALYZER_NUMBER_OBJECT_CONVERSION = YES_AGGRESSIVE;
				CLANG_CXX_LANGUAGE_STANDARD = "gnu++0x";
				CLANG_CXX_LIBRARY = "libc++";
				CLANG_ENABLE_MODULES = YES;
				CLANG_ENABLE_OBJC_ARC = YES;
				CLANG_WARN_BLOCK_CAPTURE_AUTORELEASING = YES;
				CLANG_WARN_BOOL_CONVERSION = YES;
				CLANG_WARN_COMMA = YES;
				CLANG_WARN_CONSTANT_CONVERSION = YES;
				CLANG_WARN_DEPRECATED_OBJC_IMPLEMENTATIONS = YES;
				CLANG_WARN_DIRECT_OBJC_ISA_USAGE = YES_ERROR;
				CLANG_WARN_DOCUMENTATION_COMMENTS = YES;
				CLANG_WARN_EMPTY_BODY = YES;
				CLANG_WARN_ENUM_CONVERSION = YES;
				CLANG_WARN_INFINITE_RECURSION = YES;
				CLANG_WARN_INT_CONVERSION = YES;
				CLANG_WARN_NON_LITERAL_NULL_CONVERSION = YES;
				CLANG_WARN_OBJC_IMPLICIT_RETAIN_SELF = YES;
				CLANG_WARN_OBJC_LITERAL_CONVERSION = YES;
				CLANG_WARN_OBJC_ROOT_CLASS = YES_ERROR;
				CLANG_WARN_RANGE_LOOP_ANALYSIS = YES;
				CLANG_WARN_STRICT_PROTOTYPES = YES;
				CLANG_WARN_SUSPICIOUS_MOVE = YES;
				CLANG_WARN_UNREACHABLE_CODE = YES;
				CLANG_WARN__DUPLICATE_METHOD_MATCH = YES;
				CODE_SIGN_IDENTITY = "-";
				COPY_PHASE_STRIP = NO;
				DEBUG_INFORMATION_FORMAT = "dwarf-with-dsym";
				ENABLE_NS_ASSERTIONS = NO;
				ENABLE_STRICT_OBJC_MSGSEND = YES;
				GCC_C_LANGUAGE_STANDARD = gnu99;
				GCC_NO_COMMON_BLOCKS = YES;
				GCC_WARN_64_TO_32_BIT_CONVERSION = YES;
				GCC_WARN_ABOUT_RETURN_TYPE = YES_ERROR;
				GCC_WARN_UNDECLARED_SELECTOR = YES;
				GCC_WARN_UNINITIALIZED_AUTOS = YES_AGGRESSIVE;
				GCC_WARN_UNUSED_FUNCTION = YES;
				GCC_WARN_UNUSED_VARIABLE = YES;
				MACOSX_DEPLOYMENT_TARGET = 10.12;
				MTL_ENABLE_DEBUG_INFO = NO;
				SDKROOT = macosx;
				SWIFT_OPTIMIZATION_LEVEL = "-Owholemodule";
			};
			name = Release;
		};
		F2C8A2821F41428500E246F7 /* Debug */ = {
			isa = XCBuildConfiguration;
			baseConfigurationReference = F069DF5A0732CA02E50BD6E6 /* Pods-Todo.debug.xcconfig */;
			buildSettings = {
				ASSETCATALOG_COMPILER_APPICON_NAME = AppIcon;
				COMBINE_HIDPI_IMAGES = YES;
				INFOPLIST_FILE = Todo/Info.plist;
				LD_RUNPATH_SEARCH_PATHS = "$(inherited) @executable_path/../Frameworks";
				MACOSX_DEPLOYMENT_TARGET = 10.13;
				PRODUCT_BUNDLE_IDENTIFIER = com.AlecSaunders.Todo;
				PRODUCT_NAME = "$(TARGET_NAME)";
				SWIFT_SWIFT3_OBJC_INFERENCE = Off;
				SWIFT_VERSION = 4.0;
			};
			name = Debug;
		};
		F2C8A2831F41428500E246F7 /* Release */ = {
			isa = XCBuildConfiguration;
			baseConfigurationReference = 7CF4ED118833C2C313C66E57 /* Pods-Todo.release.xcconfig */;
			buildSettings = {
				ASSETCATALOG_COMPILER_APPICON_NAME = AppIcon;
				COMBINE_HIDPI_IMAGES = YES;
				INFOPLIST_FILE = Todo/Info.plist;
				LD_RUNPATH_SEARCH_PATHS = "$(inherited) @executable_path/../Frameworks";
				MACOSX_DEPLOYMENT_TARGET = 10.13;
				PRODUCT_BUNDLE_IDENTIFIER = com.AlecSaunders.Todo;
				PRODUCT_NAME = "$(TARGET_NAME)";
				SWIFT_SWIFT3_OBJC_INFERENCE = Off;
				SWIFT_VERSION = 4.0;
			};
			name = Release;
		};
		F2C8A2851F41428500E246F7 /* Debug */ = {
			isa = XCBuildConfiguration;
			baseConfigurationReference = FEE3F6DBF5AEFC79753AAA76 /* Pods-TodoTests.debug.xcconfig */;
			buildSettings = {
				ALWAYS_EMBED_SWIFT_STANDARD_LIBRARIES = YES;
				BUNDLE_LOADER = "$(TEST_HOST)";
				COMBINE_HIDPI_IMAGES = YES;
				INFOPLIST_FILE = TodoTests/Info.plist;
				LD_RUNPATH_SEARCH_PATHS = "$(inherited) @executable_path/../Frameworks @loader_path/../Frameworks";
				PRODUCT_BUNDLE_IDENTIFIER = com.AlecSaunders.TodoTests;
				PRODUCT_NAME = "$(TARGET_NAME)";
				SWIFT_SWIFT3_OBJC_INFERENCE = On;
				SWIFT_VERSION = 4.0;
				TEST_HOST = "$(BUILT_PRODUCTS_DIR)/Todo.app/Contents/MacOS/Todo";
			};
			name = Debug;
		};
		F2C8A2861F41428500E246F7 /* Release */ = {
			isa = XCBuildConfiguration;
			baseConfigurationReference = BE9F915CB835C0265CF3ADA4 /* Pods-TodoTests.release.xcconfig */;
			buildSettings = {
				ALWAYS_EMBED_SWIFT_STANDARD_LIBRARIES = YES;
				BUNDLE_LOADER = "$(TEST_HOST)";
				COMBINE_HIDPI_IMAGES = YES;
				INFOPLIST_FILE = TodoTests/Info.plist;
				LD_RUNPATH_SEARCH_PATHS = "$(inherited) @executable_path/../Frameworks @loader_path/../Frameworks";
				PRODUCT_BUNDLE_IDENTIFIER = com.AlecSaunders.TodoTests;
				PRODUCT_NAME = "$(TARGET_NAME)";
				SWIFT_SWIFT3_OBJC_INFERENCE = On;
				SWIFT_VERSION = 4.0;
				TEST_HOST = "$(BUILT_PRODUCTS_DIR)/Todo.app/Contents/MacOS/Todo";
			};
			name = Release;
		};
/* End XCBuildConfiguration section */

/* Begin XCConfigurationList section */
		F2C8A25F1F41428500E246F7 /* Build configuration list for PBXProject "Todo" */ = {
			isa = XCConfigurationList;
			buildConfigurations = (
				F2C8A27F1F41428500E246F7 /* Debug */,
				F2C8A2801F41428500E246F7 /* Release */,
			);
			defaultConfigurationIsVisible = 0;
			defaultConfigurationName = Release;
		};
		F2C8A2811F41428500E246F7 /* Build configuration list for PBXNativeTarget "Todo" */ = {
			isa = XCConfigurationList;
			buildConfigurations = (
				F2C8A2821F41428500E246F7 /* Debug */,
				F2C8A2831F41428500E246F7 /* Release */,
			);
			defaultConfigurationIsVisible = 0;
			defaultConfigurationName = Release;
		};
		F2C8A2841F41428500E246F7 /* Build configuration list for PBXNativeTarget "TodoTests" */ = {
			isa = XCConfigurationList;
			buildConfigurations = (
				F2C8A2851F41428500E246F7 /* Debug */,
				F2C8A2861F41428500E246F7 /* Release */,
			);
			defaultConfigurationIsVisible = 0;
			defaultConfigurationName = Release;
		};
/* End XCConfigurationList section */
	};
	rootObject = F2C8A25C1F41428500E246F7 /* Project object */;
}
